
Microsoft Visual Studio Solution File, Format Version 12.00
# Visual Studio 15
VisualStudioVersion = 15.0.28307.757
MinimumVisualStudioVersion = 10.0.40219.1
Project("{FAE04EC0-301F-11D3-BF4B-00C04F79EFBC}") = "ReadTextFile", "ReadTextFile\ReadTextFile.csproj", "{D8B4B46A-DDCC-44FA-B7C2-30A7AA64576F}"
EndProject
Global
	GlobalSection(SolutionConfigurationPlatforms) = preSolution
		Debug|Any CPU = Debug|Any CPU
		Release|Any CPU = Release|Any CPU
	EndGlobalSection
	GlobalSection(ProjectConfigurationPlatforms) = postSolution
		{D8B4B46A-DDCC-44FA-B7C2-30A7AA64576F}.Debug|Any CPU.ActiveCfg = Debug|Any CPU
		{D8B4B46A-DDCC-44FA-B7C2-30A7AA64576F}.Debug|Any CPU.Build.0 = Debug|Any CPU
		{D8B4B46A-DDCC-44FA-B7C2-30A7AA64576F}.Release|Any CPU.ActiveCfg = Release|Any CPU
		{D8B4B46A-DDCC-44FA-B7C2-30A7AA64576F}.Release|Any CPU.Build.0 = Release|Any CPU
	EndGlobalSection
	GlobalSection(SolutionProperties) = preSolution
		HideSolutionNode = FALSE
	EndGlobalSection
	GlobalSection(ExtensibilityGlobals) = postSolution
		SolutionGuid = {CAD847E0-306B-413B-89CB-B68E5AA17F3C}
	EndGlobalSection
EndGlobal
